
Microsoft Visual Studio Solution File, Format Version 12.00
# Visual Studio 15
VisualStudioVersion = 15.0.26730.3
MinimumVisualStudioVersion = 10.0.40219.1
Project("{FAE04EC0-301F-11D3-BF4B-00C04F79EFBC}") = "DotnetCore200", "DotnetCore200\DotnetCore200.csproj", "{121CFFC1-6B5A-4501-B57E-C35D7A932760}"
EndProject
Project("{FAE04EC0-301F-11D3-BF4B-00C04F79EFBC}") = "CoreClassLib", "CoreClassLib\CoreClassLib.csproj", "{B186A7DD-D901-4B63-BB84-3E8740E04DAA}"
EndProject
Project("{FAE04EC0-301F-11D3-BF4B-00C04F79EFBC}") = "StandardClassLib", "StandardClassLib\StandardClassLib.csproj", "{D3AE1C98-3E28-4D54-B96F-CE2902F6A7F0}"
EndProject
Global
	GlobalSection(SolutionConfigurationPlatforms) = preSolution
		Debug|Any CPU = Debug|Any CPU
		Release|Any CPU = Release|Any CPU
	EndGlobalSection
	GlobalSection(ProjectConfigurationPlatforms) = postSolution
		{121CFFC1-6B5A-4501-B57E-C35D7A932760}.Debug|Any CPU.ActiveCfg = Debug|Any CPU
		{121CFFC1-6B5A-4501-B57E-C35D7A932760}.Debug|Any CPU.Build.0 = Debug|Any CPU
		{121CFFC1-6B5A-4501-B57E-C35D7A932760}.Release|Any CPU.ActiveCfg = Release|Any CPU
		{121CFFC1-6B5A-4501-B57E-C35D7A932760}.Release|Any CPU.Build.0 = Release|Any CPU
		{B186A7DD-D901-4B63-BB84-3E8740E04DAA}.Debug|Any CPU.ActiveCfg = Debug|Any CPU
		{B186A7DD-D901-4B63-BB84-3E8740E04DAA}.Debug|Any CPU.Build.0 = Debug|Any CPU
		{B186A7DD-D901-4B63-BB84-3E8740E04DAA}.Release|Any CPU.ActiveCfg = Release|Any CPU
		{B186A7DD-D901-4B63-BB84-3E8740E04DAA}.Release|Any CPU.Build.0 = Release|Any CPU
		{D3AE1C98-3E28-4D54-B96F-CE2902F6A7F0}.Debug|Any CPU.ActiveCfg = Debug|Any CPU
		{D3AE1C98-3E28-4D54-B96F-CE2902F6A7F0}.Debug|Any CPU.Build.0 = Debug|Any CPU
		{D3AE1C98-3E28-4D54-B96F-CE2902F6A7F0}.Release|Any CPU.ActiveCfg = Release|Any CPU
		{D3AE1C98-3E28-4D54-B96F-CE2902F6A7F0}.Release|Any CPU.Build.0 = Release|Any CPU
	EndGlobalSection
	GlobalSection(SolutionProperties) = preSolution
		HideSolutionNode = FALSE
	EndGlobalSection
	GlobalSection(ExtensibilityGlobals) = postSolution
		SolutionGuid = {49D699EA-C9E6-48CB-822A-0CE898495262}
	EndGlobalSection
EndGlobal
